
Microsoft Visual Studio Solution File, Format Version 12.00
# Visual Studio Version 17
VisualStudioVersion = 17.10.35122.118
MinimumVisualStudioVersion = 10.0.40219.1
Project("{F184B08F-C81C-45F6-A57F-5ABD9991F28F}") = "user_end", "user_end\user_end.vbproj", "{817400ED-67F6-4BA5-B9B9-DA37391D5BC0}"
EndProject
Global
	GlobalSection(SolutionConfigurationPlatforms) = preSolution
		Debug|Any CPU = Debug|Any CPU
		Release|Any CPU = Release|Any CPU
	EndGlobalSection
	GlobalSection(ProjectConfigurationPlatforms) = postSolution
		{817400ED-67F6-4BA5-B9B9-DA37391D5BC0}.Debug|Any CPU.ActiveCfg = Debug|Any CPU
		{817400ED-67F6-4BA5-B9B9-DA37391D5BC0}.Debug|Any CPU.Build.0 = Debug|Any CPU
		{817400ED-67F6-4BA5-B9B9-DA37391D5BC0}.Release|Any CPU.ActiveCfg = Release|Any CPU
		{817400ED-67F6-4BA5-B9B9-DA37391D5BC0}.Release|Any CPU.Build.0 = Release|Any CPU
	EndGlobalSection
	GlobalSection(SolutionProperties) = preSolution
		HideSolutionNode = FALSE
	EndGlobalSection
	GlobalSection(ExtensibilityGlobals) = postSolution
		SolutionGuid = {A894A2F3-54F4-444B-AC65-12288DBFB723}
	EndGlobalSection
EndGlobal
